{
  "lockfileVersion": 1,
  "configVersion": 1,
  "workspaces": {
    "": {
      "name": "otel-collector-cloudflare-worker",
      "dependencies": {
        "@cloudflare/containers": "0.3.0",
      },
      "devDependencies": {
        "@cloudflare/workers-types": "4.20260411.1",
        "typescript": "5.9.3",
      },
    },
  },
  "packages": {
    "@cloudflare/containers": ["@cloudflare/containers@0.3.0", "", {}, "sha512-8HM1NgXThWCTk7SH28QFxqMNLJwl6RrMkj3qd0KvDA59BALsn3mZXNDT94i1JaGZnP4Bc8sPGs1u9UAl/mVUVg=="],

    "@cloudflare/workers-types": ["@cloudflare/workers-types@4.20260411.1", "", {}, "sha512-SsntcTanLz+LmgJC8yB7sGCtpC8HxboVDmwrOH1hp1SHZwuKnhfmhUfeiwy7O/cE3iVN1cxe1E17stxP5DJXDw=="],

    "typescript": ["typescript@5.9.3", "", { "bin": { "tsc": "bin/tsc", "tsserver": "bin/tsserver" } }, "sha512-jl1vZzPDinLr9eUt3J/t7V6FgNEw9QjvBPdysz9KfQDD41fQrC2Y4vKQdiaUpFT4bXlb1RHhLpp8wtm6M5TgSw=="],
  }
}
