{
  "lockfileVersion": 1,
  "configVersion": 1,
  "workspaces": {
    "": {
      "name": "otel-collector-cloudflare-worker",
      "dependencies": {
        "@cloudflare/containers": "latest",
      },
      "devDependencies": {
        "@cloudflare/workers-types": "latest",
        "typescript": "latest",
      },
    },
  },
  "packages": {
    "@cloudflare/containers": ["@cloudflare/containers@0.3.3", "", {}, "sha512-ZSXmArCoo5bVTp8pGAJdl5WKmwtZDcffJqr4JcZEbSmMIFjU+AlBqgysuxXMgu03Rp239cOdqerbjK7H0K2krQ=="],

    "@cloudflare/workers-types": ["@cloudflare/workers-types@4.20260508.1", "", {}, "sha512-0KNR+UkrYJYmtyQ5tOjUT/wt/U34FuE4Y8FLSbPMwFrGQQpmvR9wKghwRkL4d28y5t9jI9cvGqeAoo/cerTnCQ=="],

    "typescript": ["typescript@6.0.3", "", { "bin": { "tsc": "bin/tsc", "tsserver": "bin/tsserver" } }, "sha512-y2TvuxSZPDyQakkFRPZHKFm+KKVqIisdg9/CZwm9ftvKXLP8NRWj38/ODjNbr43SsoXqNuAisEf1GdCxqWcdBw=="],
  }
}
